
Microsoft Visual Studio Solution File, Format Version 12.00
# Visual Studio Version 17
VisualStudioVersion = 17.1.32228.430
MinimumVisualStudioVersion = 10.0.40219.1
Project("{8BC9CEB8-8B4A-11D0-8D11-00A0C91BC942}") = "00_Variable", "44th\44th.vcxproj", "{C80CB55F-CAF6-456E-ABC7-3D0BCB3C84E4}"
EndProject
Project("{8BC9CEB8-8B4A-11D0-8D11-00A0C91BC942}") = "01_Operator", "01_Operator\01_Operator.vcxproj", "{B88B2FFD-7732-45CE-8A47-1252720F9029}"
EndProject
Project("{8BC9CEB8-8B4A-11D0-8D11-00A0C91BC942}") = "02_InputOutput", "02_InputOutput\02_InputOutput.vcxproj", "{D949ED18-5D8E-4C41-AEE7-21297F294E5B}"
EndProject
Project("{8BC9CEB8-8B4A-11D0-8D11-00A0C91BC942}") = "03_Condition", "03_Condition\03_Condition.vcxproj", "{9B107EF1-1288-4623-BA10-A287B68C3F99}"
EndProject
Project("{8BC9CEB8-8B4A-11D0-8D11-00A0C91BC942}") = "04_loop", "04_loop\04_loop.vcxproj", "{943799EB-1B70-4007-AC85-684EC5543C3B}"
EndProject
Project("{8BC9CEB8-8B4A-11D0-8D11-00A0C91BC942}") = "06_function", "06_function\06_function.vcxproj", "{047E3E6E-3E1E-4797-B927-5CE1851ACA0B}"
EndProject
Project("{8BC9CEB8-8B4A-11D0-8D11-00A0C91BC942}") = "07_Array", "07_Array\07_Array.vcxproj", "{98EA4D41-E87B-4654-83E1-95F5E87DDD4F}"
EndProject
Project("{8BC9CEB8-8B4A-11D0-8D11-00A0C91BC942}") = "08_String", "08_String\08_String.vcxproj", "{38E0253A-B4BC-42DC-B8E3-83AEFAA57204}"
EndProject
Project("{8BC9CEB8-8B4A-11D0-8D11-00A0C91BC942}") = "09_Struct", "09_Struct\09_Struct.vcxproj", "{8A3981D8-2434-4D95-B30A-A2AF86A8F526}"
EndProject
Project("{8BC9CEB8-8B4A-11D0-8D11-00A0C91BC942}") = "Note", "Note\Note.vcxproj", "{8097E823-2E58-4D1A-BDB0-FB17626DD370}"
EndProject
Project("{8BC9CEB8-8B4A-11D0-8D11-00A0C91BC942}") = "10_Recursive", "10_Recursive\10_Recursive.vcxproj", "{BFED758E-AED8-4E52-9DFB-8051AFD3FBAF}"
EndProject
Project("{8BC9CEB8-8B4A-11D0-8D11-00A0C91BC942}") = "11_Pointer", "11_Pointer\11_Pointer.vcxproj", "{2C978ADB-66B1-4ACB-9BF0-F108E0973F64}"
EndProject
Project("{8BC9CEB8-8B4A-11D0-8D11-00A0C91BC942}") = "12_DynamicAllocator", "12_DynamicAllocator\12_DynamicAllocator.vcxproj", "{3F3F26FB-3CCE-4A85-9848-06072A119856}"
EndProject
Project("{8BC9CEB8-8B4A-11D0-8D11-00A0C91BC942}") = "13_LinkedList", "13_LinkedList\13_LinkedList.vcxproj", "{21E3BC04-3099-461F-B5C7-5665F7426DE2}"
EndProject
Project("{8BC9CEB8-8B4A-11D0-8D11-00A0C91BC942}") = "14_Class", "14_Class\14_Class.vcxproj", "{4106A823-5C5C-4D7D-90D2-A5476DB47E09}"
EndProject
Project("{8BC9CEB8-8B4A-11D0-8D11-00A0C91BC942}") = "15_Thread", "15_Thread\15_Thread.vcxproj", "{F94915D2-8A66-4D23-9780-11D1504BE3B5}"
EndProject
Project("{8BC9CEB8-8B4A-11D0-8D11-00A0C91BC942}") = "16_OOP", "16_Template\16_Template.vcxproj", "{B67A2D40-60FB-45D9-B404-D3168553ACCD}"
EndProject
Project("{8BC9CEB8-8B4A-11D0-8D11-00A0C91BC942}") = "17_OperatorAndString", "17_OperatorAndString\17_OperatorAndString.vcxproj", "{4FE00151-B36A-4A8B-9D9C-1E8D06157CF2}"
EndProject
Project("{8BC9CEB8-8B4A-11D0-8D11-00A0C91BC942}") = "18_Inheritance", "18_Inheritance\18_Inheritance.vcxproj", "{536A7E55-A9C4-4E50-8455-AE4ED9FC6F96}"
EndProject
Project("{8BC9CEB8-8B4A-11D0-8D11-00A0C91BC942}") = "19_Inheritance_Constructor", "19_Inheritance_Constructor\19_Inheritance_Constructor.vcxproj", "{2B6AC278-E21B-48C2-9CB9-2E496462380C}"
EndProject
Project("{8BC9CEB8-8B4A-11D0-8D11-00A0C91BC942}") = "20_Map(AVLtree)", "20_Map(AVLtree)\20_Map(AVLtree).vcxproj", "{580DE0F7-1A4B-4C18-BF8C-AE1586C83497}"
EndProject
Global
	GlobalSection(SolutionConfigurationPlatforms) = preSolution
		Debug|x64 = Debug|x64
		Debug|x86 = Debug|x86
		Release|x64 = Release|x64
		Release|x86 = Release|x86
	EndGlobalSection
	GlobalSection(ProjectConfigurationPlatforms) = postSolution
		{C80CB55F-CAF6-456E-ABC7-3D0BCB3C84E4}.Debug|x64.ActiveCfg = Debug|x64
		{C80CB55F-CAF6-456E-ABC7-3D0BCB3C84E4}.Debug|x64.Build.0 = Debug|x64
		{C80CB55F-CAF6-456E-ABC7-3D0BCB3C84E4}.Debug|x86.ActiveCfg = Debug|Win32
		{C80CB55F-CAF6-456E-ABC7-3D0BCB3C84E4}.Debug|x86.Build.0 = Debug|Win32
		{C80CB55F-CAF6-456E-ABC7-3D0BCB3C84E4}.Release|x64.ActiveCfg = Release|x64
		{C80CB55F-CAF6-456E-ABC7-3D0BCB3C84E4}.Release|x64.Build.0 = Release|x64
		{C80CB55F-CAF6-456E-ABC7-3D0BCB3C84E4}.Release|x86.ActiveCfg = Release|Win32
		{C80CB55F-CAF6-456E-ABC7-3D0BCB3C84E4}.Release|x86.Build.0 = Release|Win32
		{B88B2FFD-7732-45CE-8A47-1252720F9029}.Debug|x64.ActiveCfg = Debug|x64
		{B88B2FFD-7732-45CE-8A47-1252720F9029}.Debug|x64.Build.0 = Debug|x64
		{B88B2FFD-7732-45CE-8A47-1252720F9029}.Debug|x86.ActiveCfg = Debug|Win32
		{B88B2FFD-7732-45CE-8A47-1252720F9029}.Debug|x86.Build.0 = Debug|Win32
		{B88B2FFD-7732-45CE-8A47-1252720F9029}.Release|x64.ActiveCfg = Release|x64
		{B88B2FFD-7732-45CE-8A47-1252720F9029}.Release|x64.Build.0 = Release|x64
		{B88B2FFD-7732-45CE-8A47-1252720F9029}.Release|x86.ActiveCfg = Release|Win32
		{B88B2FFD-7732-45CE-8A47-1252720F9029}.Release|x86.Build.0 = Release|Win32
		{D949ED18-5D8E-4C41-AEE7-21297F294E5B}.Debug|x64.ActiveCfg = Debug|x64
		{D949ED18-5D8E-4C41-AEE7-21297F294E5B}.Debug|x64.Build.0 = Debug|x64
		{D949ED18-5D8E-4C41-AEE7-21297F294E5B}.Debug|x86.ActiveCfg = Debug|Win32
		{D949ED18-5D8E-4C41-AEE7-21297F294E5B}.Debug|x86.Build.0 = Debug|Win32
		{D949ED18-5D8E-4C41-AEE7-21297F294E5B}.Release|x64.ActiveCfg = Release|x64
		{D949ED18-5D8E-4C41-AEE7-21297F294E5B}.Release|x64.Build.0 = Release|x64
		{D949ED18-5D8E-4C41-AEE7-21297F294E5B}.Release|x86.ActiveCfg = Release|Win32
		{D949ED18-5D8E-4C41-AEE7-21297F294E5B}.Release|x86.Build.0 = Release|Win32
		{9B107EF1-1288-4623-BA10-A287B68C3F99}.Debug|x64.ActiveCfg = Debug|x64
		{9B107EF1-1288-4623-BA10-A287B68C3F99}.Debug|x64.Build.0 = Debug|x64
		{9B107EF1-1288-4623-BA10-A287B68C3F99}.Debug|x86.ActiveCfg = Debug|Win32
		{9B107EF1-1288-4623-BA10-A287B68C3F99}.Debug|x86.Build.0 = Debug|Win32
		{9B107EF1-1288-4623-BA10-A287B68C3F99}.Release|x64.ActiveCfg = Release|x64
		{9B107EF1-1288-4623-BA10-A287B68C3F99}.Release|x64.Build.0 = Release|x64
		{9B107EF1-1288-4623-BA10-A287B68C3F99}.Release|x86.ActiveCfg = Release|Win32
		{9B107EF1-1288-4623-BA10-A287B68C3F99}.Release|x86.Build.0 = Release|Win32
		{943799EB-1B70-4007-AC85-684EC5543C3B}.Debug|x64.ActiveCfg = Debug|x64
		{943799EB-1B70-4007-AC85-684EC5543C3B}.Debug|x64.Build.0 = Debug|x64
		{943799EB-1B70-4007-AC85-684EC5543C3B}.Debug|x86.ActiveCfg = Debug|Win32
		{943799EB-1B70-4007-AC85-684EC5543C3B}.Debug|x86.Build.0 = Debug|Win32
		{943799EB-1B70-4007-AC85-684EC5543C3B}.Release|x64.ActiveCfg = Release|x64
		{943799EB-1B70-4007-AC85-684EC5543C3B}.Release|x64.Build.0 = Release|x64
		{943799EB-1B70-4007-AC85-684EC5543C3B}.Release|x86.ActiveCfg = Release|Win32
		{943799EB-1B70-4007-AC85-684EC5543C3B}.Release|x86.Build.0 = Release|Win32
		{047E3E6E-3E1E-4797-B927-5CE1851ACA0B}.Debug|x64.ActiveCfg = Debug|x64
		{047E3E6E-3E1E-4797-B927-5CE1851ACA0B}.Debug|x64.Build.0 = Debug|x64
		{047E3E6E-3E1E-4797-B927-5CE1851ACA0B}.Debug|x86.ActiveCfg = Debug|Win32
		{047E3E6E-3E1E-4797-B927-5CE1851ACA0B}.Debug|x86.Build.0 = Debug|Win32
		{047E3E6E-3E1E-4797-B927-5CE1851ACA0B}.Release|x64.ActiveCfg = Release|x64
		{047E3E6E-3E1E-4797-B927-5CE1851ACA0B}.Release|x64.Build.0 = Release|x64
		{047E3E6E-3E1E-4797-B927-5CE1851ACA0B}.Release|x86.ActiveCfg = Release|Win32
		{047E3E6E-3E1E-4797-B927-5CE1851ACA0B}.Release|x86.Build.0 = Release|Win32
		{98EA4D41-E87B-4654-83E1-95F5E87DDD4F}.Debug|x64.ActiveCfg = Debug|x64
		{98EA4D41-E87B-4654-83E1-95F5E87DDD4F}.Debug|x64.Build.0 = Debug|x64
		{98EA4D41-E87B-4654-83E1-95F5E87DDD4F}.Debug|x86.ActiveCfg = Debug|Win32
		{98EA4D41-E87B-4654-83E1-95F5E87DDD4F}.Debug|x86.Build.0 = Debug|Win32
		{98EA4D41-E87B-4654-83E1-95F5E87DDD4F}.Release|x64.ActiveCfg = Release|x64
		{98EA4D41-E87B-4654-83E1-95F5E87DDD4F}.Release|x64.Build.0 = Release|x64
		{98EA4D41-E87B-4654-83E1-95F5E87DDD4F}.Release|x86.ActiveCfg = Release|Win32
		{98EA4D41-E87B-4654-83E1-95F5E87DDD4F}.Release|x86.Build.0 = Release|Win32
		{38E0253A-B4BC-42DC-B8E3-83AEFAA57204}.Debug|x64.ActiveCfg = Debug|x64
		{38E0253A-B4BC-42DC-B8E3-83AEFAA57204}.Debug|x64.Build.0 = Debug|x64
		{38E0253A-B4BC-42DC-B8E3-83AEFAA57204}.Debug|x86.ActiveCfg = Debug|Win32
		{38E0253A-B4BC-42DC-B8E3-83AEFAA57204}.Debug|x86.Build.0 = Debug|Win32
		{38E0253A-B4BC-42DC-B8E3-83AEFAA57204}.Release|x64.ActiveCfg = Release|x64
		{38E0253A-B4BC-42DC-B8E3-83AEFAA57204}.Release|x64.Build.0 = Release|x64
		{38E0253A-B4BC-42DC-B8E3-83AEFAA57204}.Release|x86.ActiveCfg = Release|Win32
		{38E0253A-B4BC-42DC-B8E3-83AEFAA57204}.Release|x86.Build.0 = Release|Win32
		{8A3981D8-2434-4D95-B30A-A2AF86A8F526}.Debug|x64.ActiveCfg = Debug|x64
		{8A3981D8-2434-4D95-B30A-A2AF86A8F526}.Debug|x64.Build.0 = Debug|x64
		{8A3981D8-2434-4D95-B30A-A2AF86A8F526}.Debug|x86.ActiveCfg = Debug|Win32
		{8A3981D8-2434-4D95-B30A-A2AF86A8F526}.Debug|x86.Build.0 = Debug|Win32
		{8A3981D8-2434-4D95-B30A-A2AF86A8F526}.Release|x64.ActiveCfg = Release|x64
		{8A3981D8-2434-4D95-B30A-A2AF86A8F526}.Release|x64.Build.0 = Release|x64
		{8A3981D8-2434-4D95-B30A-A2AF86A8F526}.Release|x86.ActiveCfg = Release|Win32
		{8A3981D8-2434-4D95-B30A-A2AF86A8F526}.Release|x86.Build.0 = Release|Win32
		{8097E823-2E58-4D1A-BDB0-FB17626DD370}.Debug|x64.ActiveCfg = Debug|x64
		{8097E823-2E58-4D1A-BDB0-FB17626DD370}.Debug|x64.Build.0 = Debug|x64
		{8097E823-2E58-4D1A-BDB0-FB17626DD370}.Debug|x86.ActiveCfg = Debug|Win32
		{8097E823-2E58-4D1A-BDB0-FB17626DD370}.Debug|x86.Build.0 = Debug|Win32
		{8097E823-2E58-4D1A-BDB0-FB17626DD370}.Release|x64.ActiveCfg = Release|x64
		{8097E823-2E58-4D1A-BDB0-FB17626DD370}.Release|x64.Build.0 = Release|x64
		{8097E823-2E58-4D1A-BDB0-FB17626DD370}.Release|x86.ActiveCfg = Release|Win32
		{8097E823-2E58-4D1A-BDB0-FB17626DD370}.Release|x86.Build.0 = Release|Win32
		{BFED758E-AED8-4E52-9DFB-8051AFD3FBAF}.Debug|x64.ActiveCfg = Debug|x64
		{BFED758E-AED8-4E52-9DFB-8051AFD3FBAF}.Debug|x64.Build.0 = Debug|x64
		{BFED758E-AED8-4E52-9DFB-8051AFD3FBAF}.Debug|x86.ActiveCfg = Debug|Win32
		{BFED758E-AED8-4E52-9DFB-8051AFD3FBAF}.Debug|x86.Build.0 = Debug|Win32
		{BFED758E-AED8-4E52-9DFB-8051AFD3FBAF}.Release|x64.ActiveCfg = Release|x64
		{BFED758E-AED8-4E52-9DFB-8051AFD3FBAF}.Release|x64.Build.0 = Release|x64
		{BFED758E-AED8-4E52-9DFB-8051AFD3FBAF}.Release|x86.ActiveCfg = Release|Win32
		{BFED758E-AED8-4E52-9DFB-8051AFD3FBAF}.Release|x86.Build.0 = Release|Win32
		{2C978ADB-66B1-4ACB-9BF0-F108E0973F64}.Debug|x64.ActiveCfg = Debug|x64
		{2C978ADB-66B1-4ACB-9BF0-F108E0973F64}.Debug|x64.Build.0 = Debug|x64
		{2C978ADB-66B1-4ACB-9BF0-F108E0973F64}.Debug|x86.ActiveCfg = Debug|Win32
		{2C978ADB-66B1-4ACB-9BF0-F108E0973F64}.Debug|x86.Build.0 = Debug|Win32
		{2C978ADB-66B1-4ACB-9BF0-F108E0973F64}.Release|x64.ActiveCfg = Release|x64
		{2C978ADB-66B1-4ACB-9BF0-F108E0973F64}.Release|x64.Build.0 = Release|x64
		{2C978ADB-66B1-4ACB-9BF0-F108E0973F64}.Release|x86.ActiveCfg = Release|Win32
		{2C978ADB-66B1-4ACB-9BF0-F108E0973F64}.Release|x86.Build.0 = Release|Win32
		{3F3F26FB-3CCE-4A85-9848-06072A119856}.Debug|x64.ActiveCfg = Debug|x64
		{3F3F26FB-3CCE-4A85-9848-06072A119856}.Debug|x64.Build.0 = Debug|x64
		{3F3F26FB-3CCE-4A85-9848-06072A119856}.Debug|x86.ActiveCfg = Debug|Win32
		{3F3F26FB-3CCE-4A85-9848-06072A119856}.Debug|x86.Build.0 = Debug|Win32
		{3F3F26FB-3CCE-4A85-9848-06072A119856}.Release|x64.ActiveCfg = Release|x64
		{3F3F26FB-3CCE-4A85-9848-06072A119856}.Release|x64.Build.0 = Release|x64
		{3F3F26FB-3CCE-4A85-9848-06072A119856}.Release|x86.ActiveCfg = Release|Win32
		{3F3F26FB-3CCE-4A85-9848-06072A119856}.Release|x86.Build.0 = Release|Win32
		{21E3BC04-3099-461F-B5C7-5665F7426DE2}.Debug|x64.ActiveCfg = Debug|x64
		{21E3BC04-3099-461F-B5C7-5665F7426DE2}.Debug|x64.Build.0 = Debug|x64
		{21E3BC04-3099-461F-B5C7-5665F7426DE2}.Debug|x86.ActiveCfg = Debug|Win32
		{21E3BC04-3099-461F-B5C7-5665F7426DE2}.Debug|x86.Build.0 = Debug|Win32
		{21E3BC04-3099-461F-B5C7-5665F7426DE2}.Release|x64.ActiveCfg = Release|x64
		{21E3BC04-3099-461F-B5C7-5665F7426DE2}.Release|x64.Build.0 = Release|x64
		{21E3BC04-3099-461F-B5C7-5665F7426DE2}.Release|x86.ActiveCfg = Release|Win32
		{21E3BC04-3099-461F-B5C7-5665F7426DE2}.Release|x86.Build.0 = Release|Win32
		{4106A823-5C5C-4D7D-90D2-A5476DB47E09}.Debug|x64.ActiveCfg = Debug|x64
		{4106A823-5C5C-4D7D-90D2-A5476DB47E09}.Debug|x64.Build.0 = Debug|x64
		{4106A823-5C5C-4D7D-90D2-A5476DB47E09}.Debug|x86.ActiveCfg = Debug|Win32
		{4106A823-5C5C-4D7D-90D2-A5476DB47E09}.Debug|x86.Build.0 = Debug|Win32
		{4106A823-5C5C-4D7D-90D2-A5476DB47E09}.Release|x64.ActiveCfg = Release|x64
		{4106A823-5C5C-4D7D-90D2-A5476DB47E09}.Release|x64.Build.0 = Release|x64
		{4106A823-5C5C-4D7D-90D2-A5476DB47E09}.Release|x86.ActiveCfg = Release|Win32
		{4106A823-5C5C-4D7D-90D2-A5476DB47E09}.Release|x86.Build.0 = Release|Win32
		{F94915D2-8A66-4D23-9780-11D1504BE3B5}.Debug|x64.ActiveCfg = Debug|x64
		{F94915D2-8A66-4D23-9780-11D1504BE3B5}.Debug|x64.Build.0 = Debug|x64
		{F94915D2-8A66-4D23-9780-11D1504BE3B5}.Debug|x86.ActiveCfg = Debug|Win32
		{F94915D2-8A66-4D23-9780-11D1504BE3B5}.Debug|x86.Build.0 = Debug|Win32
		{F94915D2-8A66-4D23-9780-11D1504BE3B5}.Release|x64.ActiveCfg = Release|x64
		{F94915D2-8A66-4D23-9780-11D1504BE3B5}.Release|x64.Build.0 = Release|x64
		{F94915D2-8A66-4D23-9780-11D1504BE3B5}.Release|x86.ActiveCfg = Release|Win32
		{F94915D2-8A66-4D23-9780-11D1504BE3B5}.Release|x86.Build.0 = Release|Win32
		{B67A2D40-60FB-45D9-B404-D3168553ACCD}.Debug|x64.ActiveCfg = Debug|x64
		{B67A2D40-60FB-45D9-B404-D3168553ACCD}.Debug|x64.Build.0 = Debug|x64
		{B67A2D40-60FB-45D9-B404-D3168553ACCD}.Debug|x86.ActiveCfg = Debug|Win32
		{B67A2D40-60FB-45D9-B404-D3168553ACCD}.Debug|x86.Build.0 = Debug|Win32
		{B67A2D40-60FB-45D9-B404-D3168553ACCD}.Release|x64.ActiveCfg = Release|x64
		{B67A2D40-60FB-45D9-B404-D3168553ACCD}.Release|x64.Build.0 = Release|x64
		{B67A2D40-60FB-45D9-B404-D3168553ACCD}.Release|x86.ActiveCfg = Release|Win32
		{B67A2D40-60FB-45D9-B404-D3168553ACCD}.Release|x86.Build.0 = Release|Win32
		{4FE00151-B36A-4A8B-9D9C-1E8D06157CF2}.Debug|x64.ActiveCfg = Debug|x64
		{4FE00151-B36A-4A8B-9D9C-1E8D06157CF2}.Debug|x64.Build.0 = Debug|x64
		{4FE00151-B36A-4A8B-9D9C-1E8D06157CF2}.Debug|x86.ActiveCfg = Debug|Win32
		{4FE00151-B36A-4A8B-9D9C-1E8D06157CF2}.Debug|x86.Build.0 = Debug|Win32
		{4FE00151-B36A-4A8B-9D9C-1E8D06157CF2}.Release|x64.ActiveCfg = Release|x64
		{4FE00151-B36A-4A8B-9D9C-1E8D06157CF2}.Release|x64.Build.0 = Release|x64
		{4FE00151-B36A-4A8B-9D9C-1E8D06157CF2}.Release|x86.ActiveCfg = Release|Win32
		{4FE00151-B36A-4A8B-9D9C-1E8D06157CF2}.Release|x86.Build.0 = Release|Win32
		{536A7E55-A9C4-4E50-8455-AE4ED9FC6F96}.Debug|x64.ActiveCfg = Debug|x64
		{536A7E55-A9C4-4E50-8455-AE4ED9FC6F96}.Debug|x64.Build.0 = Debug|x64
		{536A7E55-A9C4-4E50-8455-AE4ED9FC6F96}.Debug|x86.ActiveCfg = Debug|Win32
		{536A7E55-A9C4-4E50-8455-AE4ED9FC6F96}.Debug|x86.Build.0 = Debug|Win32
		{536A7E55-A9C4-4E50-8455-AE4ED9FC6F96}.Release|x64.ActiveCfg = Release|x64
		{536A7E55-A9C4-4E50-8455-AE4ED9FC6F96}.Release|x64.Build.0 = Release|x64
		{536A7E55-A9C4-4E50-8455-AE4ED9FC6F96}.Release|x86.ActiveCfg = Release|Win32
		{536A7E55-A9C4-4E50-8455-AE4ED9FC6F96}.Release|x86.Build.0 = Release|Win32
		{2B6AC278-E21B-48C2-9CB9-2E496462380C}.Debug|x64.ActiveCfg = Debug|x64
		{2B6AC278-E21B-48C2-9CB9-2E496462380C}.Debug|x64.Build.0 = Debug|x64
		{2B6AC278-E21B-48C2-9CB9-2E496462380C}.Debug|x86.ActiveCfg = Debug|Win32
		{2B6AC278-E21B-48C2-9CB9-2E496462380C}.Debug|x86.Build.0 = Debug|Win32
		{2B6AC278-E21B-48C2-9CB9-2E496462380C}.Release|x64.ActiveCfg = Release|x64
		{2B6AC278-E21B-48C2-9CB9-2E496462380C}.Release|x64.Build.0 = Release|x64
		{2B6AC278-E21B-48C2-9CB9-2E496462380C}.Release|x86.ActiveCfg = Release|Win32
		{2B6AC278-E21B-48C2-9CB9-2E496462380C}.Release|x86.Build.0 = Release|Win32
		{580DE0F7-1A4B-4C18-BF8C-AE1586C83497}.Debug|x64.ActiveCfg = Debug|x64
		{580DE0F7-1A4B-4C18-BF8C-AE1586C83497}.Debug|x64.Build.0 = Debug|x64
		{580DE0F7-1A4B-4C18-BF8C-AE1586C83497}.Debug|x86.ActiveCfg = Debug|Win32
		{580DE0F7-1A4B-4C18-BF8C-AE1586C83497}.Debug|x86.Build.0 = Debug|Win32
		{580DE0F7-1A4B-4C18-BF8C-AE1586C83497}.Release|x64.ActiveCfg = Release|x64
		{580DE0F7-1A4B-4C18-BF8C-AE1586C83497}.Release|x64.Build.0 = Release|x64
		{580DE0F7-1A4B-4C18-BF8C-AE1586C83497}.Release|x86.ActiveCfg = Release|Win32
		{580DE0F7-1A4B-4C18-BF8C-AE1586C83497}.Release|x86.Build.0 = Release|Win32
	EndGlobalSection
	GlobalSection(SolutionProperties) = preSolution
		HideSolutionNode = FALSE
	EndGlobalSection
	GlobalSection(ExtensibilityGlobals) = postSolution
		SolutionGuid = {91E82021-EC6C-4975-A5BD-35DE775A5387}
	EndGlobalSection
EndGlobal
